hash: e05c505ed7990bdbccc33e7fd8cf4b339759a9e04f7a19aa2ea7482d1e205d13
updated: 2016-02-22T08:31:21.578844513+01:00
imports:
- name: github.com/boltdb/bolt
  version: 2f846c3551b76d7710f159be840d66c3d064abbe
- name: github.com/garyburd/redigo
  version: 836b6e58b3358112c8291565d01c35b8764070d7
  subpackages:
  - redis
  - internal
- name: github.com/golang/snappy
  version: e2923611954f008a6e6c8dfb5ae11052aa913332
- name: github.com/hashicorp/logutils
  version: 0dc08b1671f34c4250ce212759ebd880f743d883
- name: github.com/labstack/echo
  version: c782b3fc755dd875907c832ca9402808091b726c
  subpackages:
  - middleware
- name: github.com/labstack/gommon
  version: bfff5bf04688a4048a5cb4dd3b3f0697caaad19c
  subpackages:
  - log
  - color
- name: github.com/mattn/go-colorable
  version: 9cbef7c35391cca05f15f8181dc0b18bc9736dbb
- name: github.com/mattn/go-isatty
  version: 56b76bdf51f7708750eac80fa38b952bb9f32639
- name: github.com/nlamirault/abraracourcix
  version: bbc274b626060c079716cd389325e8b9d431d95b
  subpackages:
  - api
  - io
  - logging
  - storage
  - version
  - api/v1
- name: github.com/syndtr/goleveldb
  version: e7e6f5b5ef25adb580feac515f9ccec514d0bda8
  subpackages:
  - leveldb
  - leveldb/cache
  - leveldb/comparer
  - leveldb/errors
  - leveldb/filter
  - leveldb/iterator
  - leveldb/journal
  - leveldb/memdb
  - leveldb/opt
  - leveldb/storage
  - leveldb/table
  - leveldb/util
- name: golang.org/x/net
  version: b6d7b1396ec874c3b00f6c84cd4301a17c56c8ed
  subpackages:
  - context
  - websocket
- name: golang.org/x/sys
  version: 50c6bc5e4292a1d4e65c6e9be5f53be28bcbe28e
  subpackages:
  - unix
- name: gopkg.in/mgo.v2
  version: d90005c5262a3463800497ea5a89aed5fe22c886
  subpackages:
  - bson
  - internal/sasl
  - internal/scram
devImports: []
